
Microsoft Visual Studio Solution File, Format Version 12.00
# Visual Studio Version 16
VisualStudioVersion = 16.0.31911.196
MinimumVisualStudioVersion = 10.0.40219.1
Project("{2150E333-8FDC-42A3-9474-1A3956D46DE8}") = "Microservices", "Microservices", "{0170BE60-AAF4-4F7C-8242-E233BACB81B1}"
EndProject
Project("{2150E333-8FDC-42A3-9474-1A3956D46DE8}") = "Domain", "Domain", "{2835D4A1-EAD5-48D4-9987-B5835ED68306}"
EndProject
Project("{2150E333-8FDC-42A3-9474-1A3956D46DE8}") = "Infra", "Infra", "{374A8638-8865-43C7-8B49-954345AC3A0B}"
EndProject
Project("{2150E333-8FDC-42A3-9474-1A3956D46DE8}") = "Infra.Bus", "Infra.Bus", "{B4613403-4F77-444F-8D52-A2E6D70145A4}"
EndProject
Project("{2150E333-8FDC-42A3-9474-1A3956D46DE8}") = "Infra.Ioc", "Infra.Ioc", "{F0C40BB8-3829-4DAF-956C-E50E6C2F85EC}"
EndProject
Project("{2150E333-8FDC-42A3-9474-1A3956D46DE8}") = "Presentation", "Presentation", "{89A9E5B3-A022-4EBA-B986-7B3CE758D77D}"
EndProject
Project("{9A19103F-16F7-4668-BE54-9A1E7A4F7556}") = "MicroRabbit.Domain.Core", "MicroRabbit.Domain.Core\MicroRabbit.Domain.Core.csproj", "{7F6090F2-A133-432D-9261-D90E1C2D8DB6}"
EndProject
Project("{9A19103F-16F7-4668-BE54-9A1E7A4F7556}") = "MicroRabbit.infra.Bus", "MicroRabbit.infra.Bus\MicroRabbit.infra.Bus.csproj", "{1F651D0B-7765-4740-A0E5-317D33138294}"
EndProject
Project("{9A19103F-16F7-4668-BE54-9A1E7A4F7556}") = "MicroRabbit.Infra.Ioc", "MicroRabbit.Infra.Ioc\MicroRabbit.Infra.Ioc.csproj", "{26B68D77-8936-40E1-8809-C791314B1397}"
EndProject
Project("{2150E333-8FDC-42A3-9474-1A3956D46DE8}") = "Banking", "Banking", "{25E2CAE2-107E-45A2-AD92-1E5D4C341D71}"
EndProject
Project("{2150E333-8FDC-42A3-9474-1A3956D46DE8}") = "Api", "Api", "{BF010743-EAA6-42A8-96AA-627DD3118F44}"
EndProject
Project("{2150E333-8FDC-42A3-9474-1A3956D46DE8}") = "Application", "Application", "{CF05BC98-3688-446E-A48C-98DD4A4E2ECC}"
EndProject
Project("{2150E333-8FDC-42A3-9474-1A3956D46DE8}") = "Domain", "Domain", "{7DA87D57-4B9C-44C9-950A-D9B283A81F47}"
EndProject
Project("{2150E333-8FDC-42A3-9474-1A3956D46DE8}") = "Data", "Data", "{360AAC6E-F80B-40BE-998A-98076CFF190E}"
EndProject
Project("{9A19103F-16F7-4668-BE54-9A1E7A4F7556}") = "MicroRabbit.Banking.Api", "MicroRabbit.Banking.Api\MicroRabbit.Banking.Api.csproj", "{D3ADCB51-736B-42BB-8BBB-522E16D04FB1}"
EndProject
Project("{9A19103F-16F7-4668-BE54-9A1E7A4F7556}") = "MicroRabbit.Banking.Application", "MicroRabbit.Banking.Application\MicroRabbit.Banking.Application.csproj", "{ED416A9C-D161-48EE-B154-4BC9F68C297C}"
EndProject
Project("{9A19103F-16F7-4668-BE54-9A1E7A4F7556}") = "MicroRabbit.Banking.Data", "MicroRabbit.Banking.Data\MicroRabbit.Banking.Data.csproj", "{89C782E1-DB5F-43EA-92C9-7F205FBF342E}"
EndProject
Project("{9A19103F-16F7-4668-BE54-9A1E7A4F7556}") = "MicroRabbit.Banking.Domain", "MicroRabbit.Banking.Domain\MicroRabbit.Banking.Domain.csproj", "{EDEBAEB1-53FD-4975-A81E-4A2067181375}"
EndProject
Project("{2150E333-8FDC-42A3-9474-1A3956D46DE8}") = "Transfer", "Transfer", "{8847A27A-CB2D-438B-948E-AC0E65CE73D3}"
EndProject
Project("{2150E333-8FDC-42A3-9474-1A3956D46DE8}") = "Api", "Api", "{D7CD859E-BD1E-4C2F-B033-B16A7F0C7E72}"
EndProject
Project("{2150E333-8FDC-42A3-9474-1A3956D46DE8}") = "Application", "Application", "{3CE96A68-F306-4DB7-BEC4-727919FB0086}"
EndProject
Project("{2150E333-8FDC-42A3-9474-1A3956D46DE8}") = "Data", "Data", "{798A670B-70B3-4DBE-B93C-83D1DD220AB1}"
EndProject
Project("{2150E333-8FDC-42A3-9474-1A3956D46DE8}") = "Domain", "Domain", "{4A67874F-3285-4670-B4C3-AEBDB12BC22D}"
EndProject
Project("{9A19103F-16F7-4668-BE54-9A1E7A4F7556}") = "MicroRabbit.Transfer.Api", "MicroRabbit.Transfer.Api\MicroRabbit.Transfer.Api.csproj", "{5A625DF8-EF30-4E88-A48A-422E3089DDEF}"
EndProject
Project("{9A19103F-16F7-4668-BE54-9A1E7A4F7556}") = "MicroRabbit.Transfer.Application", "MicroRabbitTransferApplication\MicroRabbit.Transfer.Application.csproj", "{EBB917B1-C3F8-48C9-BC36-2269C47C5350}"
EndProject
Project("{9A19103F-16F7-4668-BE54-9A1E7A4F7556}") = "MicroRabbit.Transfer.Domain", "MicroRabbit.Transfer.Domain\MicroRabbit.Transfer.Domain.csproj", "{DA021B72-37E7-4AC2-9A05-2ED4B54068ED}"
EndProject
Project("{9A19103F-16F7-4668-BE54-9A1E7A4F7556}") = "MicroRabbit.Transfer.Data", "MicroRabbit.Transfer.Data\MicroRabbit.Transfer.Data.csproj", "{3FDF6D79-4F9D-421E-8E75-BC169E1076BE}"
EndProject
Global
	GlobalSection(SolutionConfigurationPlatforms) = preSolution
		Debug|Any CPU = Debug|Any CPU
		Release|Any CPU = Release|Any CPU
	EndGlobalSection
	GlobalSection(ProjectConfigurationPlatforms) = postSolution
		{7F6090F2-A133-432D-9261-D90E1C2D8DB6}.Debug|Any CPU.ActiveCfg = Debug|Any CPU
		{7F6090F2-A133-432D-9261-D90E1C2D8DB6}.Debug|Any CPU.Build.0 = Debug|Any CPU
		{7F6090F2-A133-432D-9261-D90E1C2D8DB6}.Release|Any CPU.ActiveCfg = Release|Any CPU
		{7F6090F2-A133-432D-9261-D90E1C2D8DB6}.Release|Any CPU.Build.0 = Release|Any CPU
		{1F651D0B-7765-4740-A0E5-317D33138294}.Debug|Any CPU.ActiveCfg = Debug|Any CPU
		{1F651D0B-7765-4740-A0E5-317D33138294}.Debug|Any CPU.Build.0 = Debug|Any CPU
		{1F651D0B-7765-4740-A0E5-317D33138294}.Release|Any CPU.ActiveCfg = Release|Any CPU
		{1F651D0B-7765-4740-A0E5-317D33138294}.Release|Any CPU.Build.0 = Release|Any CPU
		{26B68D77-8936-40E1-8809-C791314B1397}.Debug|Any CPU.ActiveCfg = Debug|Any CPU
		{26B68D77-8936-40E1-8809-C791314B1397}.Debug|Any CPU.Build.0 = Debug|Any CPU
		{26B68D77-8936-40E1-8809-C791314B1397}.Release|Any CPU.ActiveCfg = Release|Any CPU
		{26B68D77-8936-40E1-8809-C791314B1397}.Release|Any CPU.Build.0 = Release|Any CPU
		{D3ADCB51-736B-42BB-8BBB-522E16D04FB1}.Debug|Any CPU.ActiveCfg = Debug|Any CPU
		{D3ADCB51-736B-42BB-8BBB-522E16D04FB1}.Debug|Any CPU.Build.0 = Debug|Any CPU
		{D3ADCB51-736B-42BB-8BBB-522E16D04FB1}.Release|Any CPU.ActiveCfg = Release|Any CPU
		{D3ADCB51-736B-42BB-8BBB-522E16D04FB1}.Release|Any CPU.Build.0 = Release|Any CPU
		{ED416A9C-D161-48EE-B154-4BC9F68C297C}.Debug|Any CPU.ActiveCfg = Debug|Any CPU
		{ED416A9C-D161-48EE-B154-4BC9F68C297C}.Debug|Any CPU.Build.0 = Debug|Any CPU
		{ED416A9C-D161-48EE-B154-4BC9F68C297C}.Release|Any CPU.ActiveCfg = Release|Any CPU
		{ED416A9C-D161-48EE-B154-4BC9F68C297C}.Release|Any CPU.Build.0 = Release|Any CPU
		{89C782E1-DB5F-43EA-92C9-7F205FBF342E}.Debug|Any CPU.ActiveCfg = Debug|Any CPU
		{89C782E1-DB5F-43EA-92C9-7F205FBF342E}.Debug|Any CPU.Build.0 = Debug|Any CPU
		{89C782E1-DB5F-43EA-92C9-7F205FBF342E}.Release|Any CPU.ActiveCfg = Release|Any CPU
		{89C782E1-DB5F-43EA-92C9-7F205FBF342E}.Release|Any CPU.Build.0 = Release|Any CPU
		{EDEBAEB1-53FD-4975-A81E-4A2067181375}.Debug|Any CPU.ActiveCfg = Debug|Any CPU
		{EDEBAEB1-53FD-4975-A81E-4A2067181375}.Debug|Any CPU.Build.0 = Debug|Any CPU
		{EDEBAEB1-53FD-4975-A81E-4A2067181375}.Release|Any CPU.ActiveCfg = Release|Any CPU
		{EDEBAEB1-53FD-4975-A81E-4A2067181375}.Release|Any CPU.Build.0 = Release|Any CPU
		{5A625DF8-EF30-4E88-A48A-422E3089DDEF}.Debug|Any CPU.ActiveCfg = Debug|Any CPU
		{5A625DF8-EF30-4E88-A48A-422E3089DDEF}.Debug|Any CPU.Build.0 = Debug|Any CPU
		{5A625DF8-EF30-4E88-A48A-422E3089DDEF}.Release|Any CPU.ActiveCfg = Release|Any CPU
		{5A625DF8-EF30-4E88-A48A-422E3089DDEF}.Release|Any CPU.Build.0 = Release|Any CPU
		{EBB917B1-C3F8-48C9-BC36-2269C47C5350}.Debug|Any CPU.ActiveCfg = Debug|Any CPU
		{EBB917B1-C3F8-48C9-BC36-2269C47C5350}.Debug|Any CPU.Build.0 = Debug|Any CPU
		{EBB917B1-C3F8-48C9-BC36-2269C47C5350}.Release|Any CPU.ActiveCfg = Release|Any CPU
		{EBB917B1-C3F8-48C9-BC36-2269C47C5350}.Release|Any CPU.Build.0 = Release|Any CPU
		{DA021B72-37E7-4AC2-9A05-2ED4B54068ED}.Debug|Any CPU.ActiveCfg = Debug|Any CPU
		{DA021B72-37E7-4AC2-9A05-2ED4B54068ED}.Debug|Any CPU.Build.0 = Debug|Any CPU
		{DA021B72-37E7-4AC2-9A05-2ED4B54068ED}.Release|Any CPU.ActiveCfg = Release|Any CPU
		{DA021B72-37E7-4AC2-9A05-2ED4B54068ED}.Release|Any CPU.Build.0 = Release|Any CPU
		{3FDF6D79-4F9D-421E-8E75-BC169E1076BE}.Debug|Any CPU.ActiveCfg = Debug|Any CPU
		{3FDF6D79-4F9D-421E-8E75-BC169E1076BE}.Debug|Any CPU.Build.0 = Debug|Any CPU
		{3FDF6D79-4F9D-421E-8E75-BC169E1076BE}.Release|Any CPU.ActiveCfg = Release|Any CPU
		{3FDF6D79-4F9D-421E-8E75-BC169E1076BE}.Release|Any CPU.Build.0 = Release|Any CPU
	EndGlobalSection
	GlobalSection(SolutionProperties) = preSolution
		HideSolutionNode = FALSE
	EndGlobalSection
	GlobalSection(NestedProjects) = preSolution
		{7F6090F2-A133-432D-9261-D90E1C2D8DB6} = {2835D4A1-EAD5-48D4-9987-B5835ED68306}
		{1F651D0B-7765-4740-A0E5-317D33138294} = {B4613403-4F77-444F-8D52-A2E6D70145A4}
		{26B68D77-8936-40E1-8809-C791314B1397} = {F0C40BB8-3829-4DAF-956C-E50E6C2F85EC}
		{25E2CAE2-107E-45A2-AD92-1E5D4C341D71} = {0170BE60-AAF4-4F7C-8242-E233BACB81B1}
		{BF010743-EAA6-42A8-96AA-627DD3118F44} = {25E2CAE2-107E-45A2-AD92-1E5D4C341D71}
		{CF05BC98-3688-446E-A48C-98DD4A4E2ECC} = {25E2CAE2-107E-45A2-AD92-1E5D4C341D71}
		{7DA87D57-4B9C-44C9-950A-D9B283A81F47} = {25E2CAE2-107E-45A2-AD92-1E5D4C341D71}
		{360AAC6E-F80B-40BE-998A-98076CFF190E} = {25E2CAE2-107E-45A2-AD92-1E5D4C341D71}
		{D3ADCB51-736B-42BB-8BBB-522E16D04FB1} = {BF010743-EAA6-42A8-96AA-627DD3118F44}
		{ED416A9C-D161-48EE-B154-4BC9F68C297C} = {CF05BC98-3688-446E-A48C-98DD4A4E2ECC}
		{89C782E1-DB5F-43EA-92C9-7F205FBF342E} = {360AAC6E-F80B-40BE-998A-98076CFF190E}
		{EDEBAEB1-53FD-4975-A81E-4A2067181375} = {7DA87D57-4B9C-44C9-950A-D9B283A81F47}
		{8847A27A-CB2D-438B-948E-AC0E65CE73D3} = {0170BE60-AAF4-4F7C-8242-E233BACB81B1}
		{D7CD859E-BD1E-4C2F-B033-B16A7F0C7E72} = {8847A27A-CB2D-438B-948E-AC0E65CE73D3}
		{3CE96A68-F306-4DB7-BEC4-727919FB0086} = {8847A27A-CB2D-438B-948E-AC0E65CE73D3}
		{798A670B-70B3-4DBE-B93C-83D1DD220AB1} = {8847A27A-CB2D-438B-948E-AC0E65CE73D3}
		{4A67874F-3285-4670-B4C3-AEBDB12BC22D} = {8847A27A-CB2D-438B-948E-AC0E65CE73D3}
		{5A625DF8-EF30-4E88-A48A-422E3089DDEF} = {D7CD859E-BD1E-4C2F-B033-B16A7F0C7E72}
		{EBB917B1-C3F8-48C9-BC36-2269C47C5350} = {3CE96A68-F306-4DB7-BEC4-727919FB0086}
		{DA021B72-37E7-4AC2-9A05-2ED4B54068ED} = {4A67874F-3285-4670-B4C3-AEBDB12BC22D}
		{3FDF6D79-4F9D-421E-8E75-BC169E1076BE} = {798A670B-70B3-4DBE-B93C-83D1DD220AB1}
	EndGlobalSection
	GlobalSection(ExtensibilityGlobals) = postSolution
		SolutionGuid = {8A1232DB-4743-45CB-9035-8CA491DBA05A}
	EndGlobalSection
EndGlobal
